{
  "name": "fs-module",
  "lockfileVersion": 3,
  "requires": true,
  "packages": {
    "": {
      "dependencies": {
        "akash-file-copier": "^1.0.0"
      }
    },
    "node_modules/akash-file-copier": {
      "version": "1.0.0",
      "resolved": "https://registry.npmjs.org/akash-file-copier/-/akash-file-copier-1.0.0.tgz",
      "integrity": "sha512-/fQdkrKLlPG4VohjVFn84leGTmvrZX83JZEoVRWL/Gq8XgovbGUAfPgz7kYOSkx1nCULJydVZ8zca55BRIUx/Q==",
      "license": "MIT",
      "bin": {
        "akash-file-copier": "index.js"
      }
    }
  }
}
